
Microsoft Visual Studio Solution File, Format Version 12.00
# Visual Studio Version 17
VisualStudioVersion = 17.0.32126.317
MinimumVisualStudioVersion = 10.0.40219.1
Project("{FAE04EC0-301F-11D3-BF4B-00C04F79EFBC}") = "Sudheerlibrary", "Sudheerlibrary\Sudheerlibrary.csproj", "{B824BD71-7F5B-45D5-B885-3DF9BAE142A8}"
EndProject
Global
	GlobalSection(SolutionConfigurationPlatforms) = preSolution
		Debug|Any CPU = Debug|Any CPU
		Release|Any CPU = Release|Any CPU
	EndGlobalSection
	GlobalSection(ProjectConfigurationPlatforms) = postSolution
		{B824BD71-7F5B-45D5-B885-3DF9BAE142A8}.Debug|Any CPU.ActiveCfg = Debug|Any CPU
		{B824BD71-7F5B-45D5-B885-3DF9BAE142A8}.Debug|Any CPU.Build.0 = Debug|Any CPU
		{B824BD71-7F5B-45D5-B885-3DF9BAE142A8}.Release|Any CPU.ActiveCfg = Release|Any CPU
		{B824BD71-7F5B-45D5-B885-3DF9BAE142A8}.Release|Any CPU.Build.0 = Release|Any CPU
	EndGlobalSection
	GlobalSection(SolutionProperties) = preSolution
		HideSolutionNode = FALSE
	EndGlobalSection
	GlobalSection(ExtensibilityGlobals) = postSolution
		SolutionGuid = {C3FCEB58-52D4-4DB1-9EA4-E8670ADFCF0D}
	EndGlobalSection
EndGlobal
