
Microsoft Visual Studio Solution File, Format Version 12.00
# Visual Studio Version 17
VisualStudioVersion = 17.0.32112.339
MinimumVisualStudioVersion = 10.0.40219.1
Project("{FAE04EC0-301F-11D3-BF4B-00C04F79EFBC}") = "addition of two numbers", "addition of two numbers\addition of two numbers.csproj", "{9C421A10-965A-4E9A-BEB6-AE0CD5D944CB}"
EndProject
Global
	GlobalSection(SolutionConfigurationPlatforms) = preSolution
		Debug|Any CPU = Debug|Any CPU
		Release|Any CPU = Release|Any CPU
	EndGlobalSection
	GlobalSection(ProjectConfigurationPlatforms) = postSolution
		{9C421A10-965A-4E9A-BEB6-AE0CD5D944CB}.Debug|Any CPU.ActiveCfg = Debug|Any CPU
		{9C421A10-965A-4E9A-BEB6-AE0CD5D944CB}.Debug|Any CPU.Build.0 = Debug|Any CPU
		{9C421A10-965A-4E9A-BEB6-AE0CD5D944CB}.Release|Any CPU.ActiveCfg = Release|Any CPU
		{9C421A10-965A-4E9A-BEB6-AE0CD5D944CB}.Release|Any CPU.Build.0 = Release|Any CPU
	EndGlobalSection
	GlobalSection(SolutionProperties) = preSolution
		HideSolutionNode = FALSE
	EndGlobalSection
	GlobalSection(ExtensibilityGlobals) = postSolution
		SolutionGuid = {03FB2710-29B3-48F9-BFF9-73BBD9A4C3CF}
	EndGlobalSection
EndGlobal
