
Microsoft Visual Studio Solution File, Format Version 12.00
# Visual Studio Version 17
VisualStudioVersion = 17.0.32126.317
MinimumVisualStudioVersion = 10.0.40219.1
Project("{FAE04EC0-301F-11D3-BF4B-00C04F79EFBC}") = "14thdayproject3", "14thdayproject3\14thdayproject3.csproj", "{AC04DFBF-3366-4782-B72B-627B3200F67B}"
EndProject
Global
	GlobalSection(SolutionConfigurationPlatforms) = preSolution
		Debug|Any CPU = Debug|Any CPU
		Release|Any CPU = Release|Any CPU
	EndGlobalSection
	GlobalSection(ProjectConfigurationPlatforms) = postSolution
		{AC04DFBF-3366-4782-B72B-627B3200F67B}.Debug|Any CPU.ActiveCfg = Debug|Any CPU
		{AC04DFBF-3366-4782-B72B-627B3200F67B}.Debug|Any CPU.Build.0 = Debug|Any CPU
		{AC04DFBF-3366-4782-B72B-627B3200F67B}.Release|Any CPU.ActiveCfg = Release|Any CPU
		{AC04DFBF-3366-4782-B72B-627B3200F67B}.Release|Any CPU.Build.0 = Release|Any CPU
	EndGlobalSection
	GlobalSection(SolutionProperties) = preSolution
		HideSolutionNode = FALSE
	EndGlobalSection
	GlobalSection(ExtensibilityGlobals) = postSolution
		SolutionGuid = {FD42855A-60C3-44D4-9AEF-E9CDB25DC7FC}
	EndGlobalSection
EndGlobal
