
Microsoft Visual Studio Solution File, Format Version 12.00
# Visual Studio Version 17
VisualStudioVersion = 17.0.32112.339
MinimumVisualStudioVersion = 10.0.40219.1
Project("{FAE04EC0-301F-11D3-BF4B-00C04F79EFBC}") = "hello 5 times using while", "hello 5 times using while\hello 5 times using while.csproj", "{6F287564-037C-4B2A-B99D-88873172FD9E}"
EndProject
Global
	GlobalSection(SolutionConfigurationPlatforms) = preSolution
		Debug|Any CPU = Debug|Any CPU
		Release|Any CPU = Release|Any CPU
	EndGlobalSection
	GlobalSection(ProjectConfigurationPlatforms) = postSolution
		{6F287564-037C-4B2A-B99D-88873172FD9E}.Debug|Any CPU.ActiveCfg = Debug|Any CPU
		{6F287564-037C-4B2A-B99D-88873172FD9E}.Debug|Any CPU.Build.0 = Debug|Any CPU
		{6F287564-037C-4B2A-B99D-88873172FD9E}.Release|Any CPU.ActiveCfg = Release|Any CPU
		{6F287564-037C-4B2A-B99D-88873172FD9E}.Release|Any CPU.Build.0 = Release|Any CPU
	EndGlobalSection
	GlobalSection(SolutionProperties) = preSolution
		HideSolutionNode = FALSE
	EndGlobalSection
	GlobalSection(ExtensibilityGlobals) = postSolution
		SolutionGuid = {22B29DFA-E4E1-4A4E-985B-06DC35C1658F}
	EndGlobalSection
EndGlobal
