
Microsoft Visual Studio Solution File, Format Version 12.00
# Visual Studio Version 17
VisualStudioVersion = 17.0.32126.317
MinimumVisualStudioVersion = 10.0.40219.1
Project("{FAE04EC0-301F-11D3-BF4B-00C04F79EFBC}") = "Day13Project2", "Day13Project2\Day13Project2.csproj", "{55381B82-CDAF-4332-BA7E-BBD75012B0B2}"
EndProject
Global
	GlobalSection(SolutionConfigurationPlatforms) = preSolution
		Debug|Any CPU = Debug|Any CPU
		Release|Any CPU = Release|Any CPU
	EndGlobalSection
	GlobalSection(ProjectConfigurationPlatforms) = postSolution
		{55381B82-CDAF-4332-BA7E-BBD75012B0B2}.Debug|Any CPU.ActiveCfg = Debug|Any CPU
		{55381B82-CDAF-4332-BA7E-BBD75012B0B2}.Debug|Any CPU.Build.0 = Debug|Any CPU
		{55381B82-CDAF-4332-BA7E-BBD75012B0B2}.Release|Any CPU.ActiveCfg = Release|Any CPU
		{55381B82-CDAF-4332-BA7E-BBD75012B0B2}.Release|Any CPU.Build.0 = Release|Any CPU
	EndGlobalSection
	GlobalSection(SolutionProperties) = preSolution
		HideSolutionNode = FALSE
	EndGlobalSection
	GlobalSection(ExtensibilityGlobals) = postSolution
		SolutionGuid = {3AD852D0-3BF0-440A-A3AD-CDA01E6B2587}
	EndGlobalSection
EndGlobal
