
Microsoft Visual Studio Solution File, Format Version 12.00
# Visual Studio Version 17
VisualStudioVersion = 17.0.32126.317
MinimumVisualStudioVersion = 10.0.40219.1
Project("{FAE04EC0-301F-11D3-BF4B-00C04F79EFBC}") = "day20project1", "day20project1\day20project1.csproj", "{33686FCD-1E2E-4D44-A337-CA2238A01B53}"
EndProject
Global
	GlobalSection(SolutionConfigurationPlatforms) = preSolution
		Debug|Any CPU = Debug|Any CPU
		Release|Any CPU = Release|Any CPU
	EndGlobalSection
	GlobalSection(ProjectConfigurationPlatforms) = postSolution
		{33686FCD-1E2E-4D44-A337-CA2238A01B53}.Debug|Any CPU.ActiveCfg = Debug|Any CPU
		{33686FCD-1E2E-4D44-A337-CA2238A01B53}.Debug|Any CPU.Build.0 = Debug|Any CPU
		{33686FCD-1E2E-4D44-A337-CA2238A01B53}.Release|Any CPU.ActiveCfg = Release|Any CPU
		{33686FCD-1E2E-4D44-A337-CA2238A01B53}.Release|Any CPU.Build.0 = Release|Any CPU
	EndGlobalSection
	GlobalSection(SolutionProperties) = preSolution
		HideSolutionNode = FALSE
	EndGlobalSection
	GlobalSection(ExtensibilityGlobals) = postSolution
		SolutionGuid = {7ADD9027-6F61-488E-BCAD-8ED7CF486CC4}
	EndGlobalSection
EndGlobal
