
Microsoft Visual Studio Solution File, Format Version 12.00
# Visual Studio Version 17
VisualStudioVersion = 17.0.32126.317
MinimumVisualStudioVersion = 10.0.40219.1
Project("{FAE04EC0-301F-11D3-BF4B-00C04F79EFBC}") = "sudheerLibrary", "sudheerLibrary\sudheerLibrary.csproj", "{2451F92E-16D2-49FF-A607-7F4F5321770B}"
EndProject
Project("{FAE04EC0-301F-11D3-BF4B-00C04F79EFBC}") = "publicLibrary", "publicLibrary\publicLibrary.csproj", "{14247B94-E407-4113-B862-11E2F368981F}"
EndProject
Project("{FAE04EC0-301F-11D3-BF4B-00C04F79EFBC}") = "client app", "client app\client app.csproj", "{C9D4E19D-174B-4E8E-BA95-4AC8A9F2FCA1}"
EndProject
Project("{FAE04EC0-301F-11D3-BF4B-00C04F79EFBC}") = "windows app", "windows app\windows app.csproj", "{FFE48043-EF6E-4D02-989A-E38BDAAF138E}"
EndProject
Global
	GlobalSection(SolutionConfigurationPlatforms) = preSolution
		Debug|Any CPU = Debug|Any CPU
		Release|Any CPU = Release|Any CPU
	EndGlobalSection
	GlobalSection(ProjectConfigurationPlatforms) = postSolution
		{2451F92E-16D2-49FF-A607-7F4F5321770B}.Debug|Any CPU.ActiveCfg = Debug|Any CPU
		{2451F92E-16D2-49FF-A607-7F4F5321770B}.Debug|Any CPU.Build.0 = Debug|Any CPU
		{2451F92E-16D2-49FF-A607-7F4F5321770B}.Release|Any CPU.ActiveCfg = Release|Any CPU
		{2451F92E-16D2-49FF-A607-7F4F5321770B}.Release|Any CPU.Build.0 = Release|Any CPU
		{14247B94-E407-4113-B862-11E2F368981F}.Debug|Any CPU.ActiveCfg = Debug|Any CPU
		{14247B94-E407-4113-B862-11E2F368981F}.Debug|Any CPU.Build.0 = Debug|Any CPU
		{14247B94-E407-4113-B862-11E2F368981F}.Release|Any CPU.ActiveCfg = Release|Any CPU
		{14247B94-E407-4113-B862-11E2F368981F}.Release|Any CPU.Build.0 = Release|Any CPU
		{C9D4E19D-174B-4E8E-BA95-4AC8A9F2FCA1}.Debug|Any CPU.ActiveCfg = Debug|Any CPU
		{C9D4E19D-174B-4E8E-BA95-4AC8A9F2FCA1}.Debug|Any CPU.Build.0 = Debug|Any CPU
		{C9D4E19D-174B-4E8E-BA95-4AC8A9F2FCA1}.Release|Any CPU.ActiveCfg = Release|Any CPU
		{C9D4E19D-174B-4E8E-BA95-4AC8A9F2FCA1}.Release|Any CPU.Build.0 = Release|Any CPU
		{FFE48043-EF6E-4D02-989A-E38BDAAF138E}.Debug|Any CPU.ActiveCfg = Debug|Any CPU
		{FFE48043-EF6E-4D02-989A-E38BDAAF138E}.Debug|Any CPU.Build.0 = Debug|Any CPU
		{FFE48043-EF6E-4D02-989A-E38BDAAF138E}.Release|Any CPU.ActiveCfg = Release|Any CPU
		{FFE48043-EF6E-4D02-989A-E38BDAAF138E}.Release|Any CPU.Build.0 = Release|Any CPU
	EndGlobalSection
	GlobalSection(SolutionProperties) = preSolution
		HideSolutionNode = FALSE
	EndGlobalSection
	GlobalSection(ExtensibilityGlobals) = postSolution
		SolutionGuid = {B25D8D1E-070D-4E19-ABD1-4D3822E24AD6}
	EndGlobalSection
EndGlobal
