
Microsoft Visual Studio Solution File, Format Version 12.00
# Visual Studio Version 17
VisualStudioVersion = 17.0.32126.317
MinimumVisualStudioVersion = 10.0.40219.1
Project("{FAE04EC0-301F-11D3-BF4B-00C04F79EFBC}") = "16thdayproject7", "16thdayproject7\16thdayproject7.csproj", "{13DFE79D-D3D4-495E-BD3F-E8541E062A5A}"
EndProject
Global
	GlobalSection(SolutionConfigurationPlatforms) = preSolution
		Debug|Any CPU = Debug|Any CPU
		Release|Any CPU = Release|Any CPU
	EndGlobalSection
	GlobalSection(ProjectConfigurationPlatforms) = postSolution
		{13DFE79D-D3D4-495E-BD3F-E8541E062A5A}.Debug|Any CPU.ActiveCfg = Debug|Any CPU
		{13DFE79D-D3D4-495E-BD3F-E8541E062A5A}.Debug|Any CPU.Build.0 = Debug|Any CPU
		{13DFE79D-D3D4-495E-BD3F-E8541E062A5A}.Release|Any CPU.ActiveCfg = Release|Any CPU
		{13DFE79D-D3D4-495E-BD3F-E8541E062A5A}.Release|Any CPU.Build.0 = Release|Any CPU
	EndGlobalSection
	GlobalSection(SolutionProperties) = preSolution
		HideSolutionNode = FALSE
	EndGlobalSection
	GlobalSection(ExtensibilityGlobals) = postSolution
		SolutionGuid = {B5E91AB3-9309-49BF-A376-60B07178C3EC}
	EndGlobalSection
EndGlobal
