
Microsoft Visual Studio Solution File, Format Version 12.00
# Visual Studio Version 17
VisualStudioVersion = 17.0.32112.339
MinimumVisualStudioVersion = 10.0.40219.1
Project("{FAE04EC0-301F-11D3-BF4B-00C04F79EFBC}") = "9th day project 2 (a)", "9th day project 2 (a)\9th day project 2 (a).csproj", "{231DE550-E594-43EC-BB77-B93C7AB76401}"
EndProject
Global
	GlobalSection(SolutionConfigurationPlatforms) = preSolution
		Debug|Any CPU = Debug|Any CPU
		Release|Any CPU = Release|Any CPU
	EndGlobalSection
	GlobalSection(ProjectConfigurationPlatforms) = postSolution
		{231DE550-E594-43EC-BB77-B93C7AB76401}.Debug|Any CPU.ActiveCfg = Debug|Any CPU
		{231DE550-E594-43EC-BB77-B93C7AB76401}.Debug|Any CPU.Build.0 = Debug|Any CPU
		{231DE550-E594-43EC-BB77-B93C7AB76401}.Release|Any CPU.ActiveCfg = Release|Any CPU
		{231DE550-E594-43EC-BB77-B93C7AB76401}.Release|Any CPU.Build.0 = Release|Any CPU
	EndGlobalSection
	GlobalSection(SolutionProperties) = preSolution
		HideSolutionNode = FALSE
	EndGlobalSection
	GlobalSection(ExtensibilityGlobals) = postSolution
		SolutionGuid = {2EA37588-2B79-47D5-8D14-0A9656214646}
	EndGlobalSection
EndGlobal
