
Microsoft Visual Studio Solution File, Format Version 12.00
# Visual Studio Version 17
VisualStudioVersion = 17.0.32112.339
MinimumVisualStudioVersion = 10.0.40219.1
Project("{FAE04EC0-301F-11D3-BF4B-00C04F79EFBC}") = "natural number", "natural number\natural number.csproj", "{A3D233C5-29E7-4B96-B933-C207CB959553}"
EndProject
Global
	GlobalSection(SolutionConfigurationPlatforms) = preSolution
		Debug|Any CPU = Debug|Any CPU
		Release|Any CPU = Release|Any CPU
	EndGlobalSection
	GlobalSection(ProjectConfigurationPlatforms) = postSolution
		{A3D233C5-29E7-4B96-B933-C207CB959553}.Debug|Any CPU.ActiveCfg = Debug|Any CPU
		{A3D233C5-29E7-4B96-B933-C207CB959553}.Debug|Any CPU.Build.0 = Debug|Any CPU
		{A3D233C5-29E7-4B96-B933-C207CB959553}.Release|Any CPU.ActiveCfg = Release|Any CPU
		{A3D233C5-29E7-4B96-B933-C207CB959553}.Release|Any CPU.Build.0 = Release|Any CPU
	EndGlobalSection
	GlobalSection(SolutionProperties) = preSolution
		HideSolutionNode = FALSE
	EndGlobalSection
	GlobalSection(ExtensibilityGlobals) = postSolution
		SolutionGuid = {06689023-4189-4A1A-BC06-7F66AC05F3C5}
	EndGlobalSection
EndGlobal
