
Microsoft Visual Studio Solution File, Format Version 12.00
# Visual Studio Version 17
VisualStudioVersion = 17.0.32126.317
MinimumVisualStudioVersion = 10.0.40219.1
Project("{FAE04EC0-301F-11D3-BF4B-00C04F79EFBC}") = "13thdayproject7", "13thdayproject7\13thdayproject7.csproj", "{AD2442B1-5DD0-4241-B9B7-2D251BE07233}"
EndProject
Global
	GlobalSection(SolutionConfigurationPlatforms) = preSolution
		Debug|Any CPU = Debug|Any CPU
		Release|Any CPU = Release|Any CPU
	EndGlobalSection
	GlobalSection(ProjectConfigurationPlatforms) = postSolution
		{AD2442B1-5DD0-4241-B9B7-2D251BE07233}.Debug|Any CPU.ActiveCfg = Debug|Any CPU
		{AD2442B1-5DD0-4241-B9B7-2D251BE07233}.Debug|Any CPU.Build.0 = Debug|Any CPU
		{AD2442B1-5DD0-4241-B9B7-2D251BE07233}.Release|Any CPU.ActiveCfg = Release|Any CPU
		{AD2442B1-5DD0-4241-B9B7-2D251BE07233}.Release|Any CPU.Build.0 = Release|Any CPU
	EndGlobalSection
	GlobalSection(SolutionProperties) = preSolution
		HideSolutionNode = FALSE
	EndGlobalSection
	GlobalSection(ExtensibilityGlobals) = postSolution
		SolutionGuid = {7529725B-3E4C-4BEC-BC36-E217D64F30C0}
	EndGlobalSection
EndGlobal
