
Microsoft Visual Studio Solution File, Format Version 12.00
# Visual Studio Version 17
VisualStudioVersion = 17.0.32112.339
MinimumVisualStudioVersion = 10.0.40219.1
Project("{FAE04EC0-301F-11D3-BF4B-00C04F79EFBC}") = "9th day project 1 (a)", "9th day project 1 (a)\9th day project 1 (a).csproj", "{0EBC522F-DC9C-4B4F-AB63-6C70EB599F0A}"
EndProject
Global
	GlobalSection(SolutionConfigurationPlatforms) = preSolution
		Debug|Any CPU = Debug|Any CPU
		Release|Any CPU = Release|Any CPU
	EndGlobalSection
	GlobalSection(ProjectConfigurationPlatforms) = postSolution
		{0EBC522F-DC9C-4B4F-AB63-6C70EB599F0A}.Debug|Any CPU.ActiveCfg = Debug|Any CPU
		{0EBC522F-DC9C-4B4F-AB63-6C70EB599F0A}.Debug|Any CPU.Build.0 = Debug|Any CPU
		{0EBC522F-DC9C-4B4F-AB63-6C70EB599F0A}.Release|Any CPU.ActiveCfg = Release|Any CPU
		{0EBC522F-DC9C-4B4F-AB63-6C70EB599F0A}.Release|Any CPU.Build.0 = Release|Any CPU
	EndGlobalSection
	GlobalSection(SolutionProperties) = preSolution
		HideSolutionNode = FALSE
	EndGlobalSection
	GlobalSection(ExtensibilityGlobals) = postSolution
		SolutionGuid = {8C43D7D1-5030-4E7B-B3A9-D06138E2A8AA}
	EndGlobalSection
EndGlobal
