
Microsoft Visual Studio Solution File, Format Version 12.00
# Visual Studio Version 17
VisualStudioVersion = 17.0.32126.317
MinimumVisualStudioVersion = 10.0.40219.1
Project("{FAE04EC0-301F-11D3-BF4B-00C04F79EFBC}") = "13thdayproject6", "13thdayproject6\13thdayproject6.csproj", "{2236FF42-72B8-4CC7-A818-050270F47A6D}"
EndProject
Global
	GlobalSection(SolutionConfigurationPlatforms) = preSolution
		Debug|Any CPU = Debug|Any CPU
		Release|Any CPU = Release|Any CPU
	EndGlobalSection
	GlobalSection(ProjectConfigurationPlatforms) = postSolution
		{2236FF42-72B8-4CC7-A818-050270F47A6D}.Debug|Any CPU.ActiveCfg = Debug|Any CPU
		{2236FF42-72B8-4CC7-A818-050270F47A6D}.Debug|Any CPU.Build.0 = Debug|Any CPU
		{2236FF42-72B8-4CC7-A818-050270F47A6D}.Release|Any CPU.ActiveCfg = Release|Any CPU
		{2236FF42-72B8-4CC7-A818-050270F47A6D}.Release|Any CPU.Build.0 = Release|Any CPU
	EndGlobalSection
	GlobalSection(SolutionProperties) = preSolution
		HideSolutionNode = FALSE
	EndGlobalSection
	GlobalSection(ExtensibilityGlobals) = postSolution
		SolutionGuid = {FEDB8B8F-6616-4A3E-84C4-A1C2B246AAE7}
	EndGlobalSection
EndGlobal
