
Microsoft Visual Studio Solution File, Format Version 12.00
# Visual Studio Version 17
VisualStudioVersion = 17.0.32126.317
MinimumVisualStudioVersion = 10.0.40219.1
Project("{FAE04EC0-301F-11D3-BF4B-00C04F79EFBC}") = "17dayproject1", "17dayproject1\17dayproject1.csproj", "{93157AE1-6967-4FCD-B718-F9D2916F7126}"
EndProject
Project("{FAE04EC0-301F-11D3-BF4B-00C04F79EFBC}") = "sudheerLibrary", "sudheerLibrary\sudheerLibrary.csproj", "{9FEF94FD-31A8-43D2-A078-79B371B590BC}"
EndProject
Project("{FAE04EC0-301F-11D3-BF4B-00C04F79EFBC}") = "publicLibrary", "publicLibrary\publicLibrary.csproj", "{B622F7CF-CB91-4ED3-862A-DDF762036A85}"
EndProject
Global
	GlobalSection(SolutionConfigurationPlatforms) = preSolution
		Debug|Any CPU = Debug|Any CPU
		Release|Any CPU = Release|Any CPU
	EndGlobalSection
	GlobalSection(ProjectConfigurationPlatforms) = postSolution
		{93157AE1-6967-4FCD-B718-F9D2916F7126}.Debug|Any CPU.ActiveCfg = Debug|Any CPU
		{93157AE1-6967-4FCD-B718-F9D2916F7126}.Debug|Any CPU.Build.0 = Debug|Any CPU
		{93157AE1-6967-4FCD-B718-F9D2916F7126}.Release|Any CPU.ActiveCfg = Release|Any CPU
		{93157AE1-6967-4FCD-B718-F9D2916F7126}.Release|Any CPU.Build.0 = Release|Any CPU
		{9FEF94FD-31A8-43D2-A078-79B371B590BC}.Debug|Any CPU.ActiveCfg = Debug|Any CPU
		{9FEF94FD-31A8-43D2-A078-79B371B590BC}.Debug|Any CPU.Build.0 = Debug|Any CPU
		{9FEF94FD-31A8-43D2-A078-79B371B590BC}.Release|Any CPU.ActiveCfg = Release|Any CPU
		{9FEF94FD-31A8-43D2-A078-79B371B590BC}.Release|Any CPU.Build.0 = Release|Any CPU
		{B622F7CF-CB91-4ED3-862A-DDF762036A85}.Debug|Any CPU.ActiveCfg = Debug|Any CPU
		{B622F7CF-CB91-4ED3-862A-DDF762036A85}.Debug|Any CPU.Build.0 = Debug|Any CPU
		{B622F7CF-CB91-4ED3-862A-DDF762036A85}.Release|Any CPU.ActiveCfg = Release|Any CPU
		{B622F7CF-CB91-4ED3-862A-DDF762036A85}.Release|Any CPU.Build.0 = Release|Any CPU
	EndGlobalSection
	GlobalSection(SolutionProperties) = preSolution
		HideSolutionNode = FALSE
	EndGlobalSection
	GlobalSection(ExtensibilityGlobals) = postSolution
		SolutionGuid = {CCCC3BFC-DEA5-4771-B78A-88C400CC6C70}
	EndGlobalSection
EndGlobal
