
Microsoft Visual Studio Solution File, Format Version 12.00
# Visual Studio Version 17
VisualStudioVersion = 17.0.32126.317
MinimumVisualStudioVersion = 10.0.40219.1
Project("{FAE04EC0-301F-11D3-BF4B-00C04F79EFBC}") = "13thdayproject9", "13thdayproject9\13thdayproject9.csproj", "{42D84D18-FBBF-460E-93B7-00C966149DE8}"
EndProject
Global
	GlobalSection(SolutionConfigurationPlatforms) = preSolution
		Debug|Any CPU = Debug|Any CPU
		Release|Any CPU = Release|Any CPU
	EndGlobalSection
	GlobalSection(ProjectConfigurationPlatforms) = postSolution
		{42D84D18-FBBF-460E-93B7-00C966149DE8}.Debug|Any CPU.ActiveCfg = Debug|Any CPU
		{42D84D18-FBBF-460E-93B7-00C966149DE8}.Debug|Any CPU.Build.0 = Debug|Any CPU
		{42D84D18-FBBF-460E-93B7-00C966149DE8}.Release|Any CPU.ActiveCfg = Release|Any CPU
		{42D84D18-FBBF-460E-93B7-00C966149DE8}.Release|Any CPU.Build.0 = Release|Any CPU
	EndGlobalSection
	GlobalSection(SolutionProperties) = preSolution
		HideSolutionNode = FALSE
	EndGlobalSection
	GlobalSection(ExtensibilityGlobals) = postSolution
		SolutionGuid = {18568212-EFF9-48A7-9B3B-39193FC7C713}
	EndGlobalSection
EndGlobal
