
Microsoft Visual Studio Solution File, Format Version 12.00
# Visual Studio Version 17
VisualStudioVersion = 17.0.32112.339
MinimumVisualStudioVersion = 10.0.40219.1
Project("{FAE04EC0-301F-11D3-BF4B-00C04F79EFBC}") = "10th day project3", "10th day project3\10th day project3.csproj", "{758C61E3-893B-4BFF-9AC9-76E059D2293C}"
EndProject
Global
	GlobalSection(SolutionConfigurationPlatforms) = preSolution
		Debug|Any CPU = Debug|Any CPU
		Release|Any CPU = Release|Any CPU
	EndGlobalSection
	GlobalSection(ProjectConfigurationPlatforms) = postSolution
		{758C61E3-893B-4BFF-9AC9-76E059D2293C}.Debug|Any CPU.ActiveCfg = Debug|Any CPU
		{758C61E3-893B-4BFF-9AC9-76E059D2293C}.Debug|Any CPU.Build.0 = Debug|Any CPU
		{758C61E3-893B-4BFF-9AC9-76E059D2293C}.Release|Any CPU.ActiveCfg = Release|Any CPU
		{758C61E3-893B-4BFF-9AC9-76E059D2293C}.Release|Any CPU.Build.0 = Release|Any CPU
	EndGlobalSection
	GlobalSection(SolutionProperties) = preSolution
		HideSolutionNode = FALSE
	EndGlobalSection
	GlobalSection(ExtensibilityGlobals) = postSolution
		SolutionGuid = {CE7FE875-9B10-4CE7-B410-6A7F3979E2C5}
	EndGlobalSection
EndGlobal
