
Microsoft Visual Studio Solution File, Format Version 12.00
# Visual Studio Version 17
VisualStudioVersion = 17.0.32112.339
MinimumVisualStudioVersion = 10.0.40219.1
Project("{FAE04EC0-301F-11D3-BF4B-00C04F79EFBC}") = "9th day project 2 (b)", "9th day project 2 (b)\9th day project 2 (b).csproj", "{72770CFB-EAA9-4DDF-930C-85A0E9A9B995}"
EndProject
Global
	GlobalSection(SolutionConfigurationPlatforms) = preSolution
		Debug|Any CPU = Debug|Any CPU
		Release|Any CPU = Release|Any CPU
	EndGlobalSection
	GlobalSection(ProjectConfigurationPlatforms) = postSolution
		{72770CFB-EAA9-4DDF-930C-85A0E9A9B995}.Debug|Any CPU.ActiveCfg = Debug|Any CPU
		{72770CFB-EAA9-4DDF-930C-85A0E9A9B995}.Debug|Any CPU.Build.0 = Debug|Any CPU
		{72770CFB-EAA9-4DDF-930C-85A0E9A9B995}.Release|Any CPU.ActiveCfg = Release|Any CPU
		{72770CFB-EAA9-4DDF-930C-85A0E9A9B995}.Release|Any CPU.Build.0 = Release|Any CPU
	EndGlobalSection
	GlobalSection(SolutionProperties) = preSolution
		HideSolutionNode = FALSE
	EndGlobalSection
	GlobalSection(ExtensibilityGlobals) = postSolution
		SolutionGuid = {22E9621D-F9E3-4D03-B355-5DD5A1AC411C}
	EndGlobalSection
EndGlobal
