
Microsoft Visual Studio Solution File, Format Version 12.00
# Visual Studio Version 17
VisualStudioVersion = 17.0.32126.317
MinimumVisualStudioVersion = 10.0.40219.1
Project("{FAE04EC0-301F-11D3-BF4B-00C04F79EFBC}") = "WebApplication1", "WebApplication1\WebApplication1.csproj", "{96693F89-9158-4D4A-86D7-009E73C10BE3}"
EndProject
Global
	GlobalSection(SolutionConfigurationPlatforms) = preSolution
		Debug|Any CPU = Debug|Any CPU
		Release|Any CPU = Release|Any CPU
	EndGlobalSection
	GlobalSection(ProjectConfigurationPlatforms) = postSolution
		{96693F89-9158-4D4A-86D7-009E73C10BE3}.Debug|Any CPU.ActiveCfg = Debug|Any CPU
		{96693F89-9158-4D4A-86D7-009E73C10BE3}.Debug|Any CPU.Build.0 = Debug|Any CPU
		{96693F89-9158-4D4A-86D7-009E73C10BE3}.Release|Any CPU.ActiveCfg = Release|Any CPU
		{96693F89-9158-4D4A-86D7-009E73C10BE3}.Release|Any CPU.Build.0 = Release|Any CPU
	EndGlobalSection
	GlobalSection(SolutionProperties) = preSolution
		HideSolutionNode = FALSE
	EndGlobalSection
	GlobalSection(ExtensibilityGlobals) = postSolution
		SolutionGuid = {F211AA6E-3D96-4B79-A818-C6D80ED45280}
	EndGlobalSection
EndGlobal
